
Microsoft Visual Studio Solution File, Format Version 12.00
# Visual Studio 15
VisualStudioVersion = 15.0.28307.757
MinimumVisualStudioVersion = 10.0.40219.1
Project("{FAE04EC0-301F-11D3-BF4B-00C04F79EFBC}") = "Counter", "Counter.csproj", "{A2FE7C83-B87C-4036-9DAB-72290D06EED5}"
EndProject
Global
	GlobalSection(SolutionConfigurationPlatforms) = preSolution
		Debug|Any CPU = Debug|Any CPU
		Release|Any CPU = Release|Any CPU
	EndGlobalSection
	GlobalSection(ProjectConfigurationPlatforms) = postSolution
		{A2FE7C83-B87C-4036-9DAB-72290D06EED5}.Debug|Any CPU.ActiveCfg = Debug|Any CPU
		{A2FE7C83-B87C-4036-9DAB-72290D06EED5}.Debug|Any CPU.Build.0 = Debug|Any CPU
		{A2FE7C83-B87C-4036-9DAB-72290D06EED5}.Release|Any CPU.ActiveCfg = Release|Any CPU
		{A2FE7C83-B87C-4036-9DAB-72290D06EED5}.Release|Any CPU.Build.0 = Release|Any CPU
	EndGlobalSection
	GlobalSection(SolutionProperties) = preSolution
		HideSolutionNode = FALSE
	EndGlobalSection
	GlobalSection(ExtensibilityGlobals) = postSolution
		SolutionGuid = {204D2922-D50F-407B-A39C-DC3C3F90BE16}
	EndGlobalSection
EndGlobal
